{
  "name": "dataprivacy",
  "lockfileVersion": 2,
  "requires": true,
  "packages": {
    "": {
      "dependencies": {
        "rapydscript": "^0.5.62"
      }
    },
    "node_modules/rapydscript": {
      "version": "0.5.62",
      "resolved": "https://registry.npmjs.org/rapydscript/-/rapydscript-0.5.62.tgz",
      "integrity": "sha512-EQYpb9E+aIDgTFwpLmr1Z4jXop6MD/JSDve20MV/2P1ejWhU9ZwdXHdmYGVNO0ARfn99O6oNk76kgiVVit/07g==",
      "bin": {
        "rapydscript": "bin/rapydscript"
      },
      "engines": {
        "node": ">=0.12.0"
      }
    }
  },
  "dependencies": {
    "rapydscript": {
      "version": "0.5.62",
      "resolved": "https://registry.npmjs.org/rapydscript/-/rapydscript-0.5.62.tgz",
      "integrity": "sha512-EQYpb9E+aIDgTFwpLmr1Z4jXop6MD/JSDve20MV/2P1ejWhU9ZwdXHdmYGVNO0ARfn99O6oNk76kgiVVit/07g=="
    }
  }
}
